// !$*UTF8*$!
{
	archiveVersion = 1;
	classes = {
	};
	objectVersion = 50;
	objects = {

/* Begin PBXBuildFile section */
		963DABD323DA66120066A663 /* GFAlertVC.swift in Sources */ = {isa = PBXBuildFile; fileRef = 963DABD223DA66120066A663 /* GFAlertVC.swift */; };
		963DABD523DA6C5B0066A663 /* UIViewController+Ext.swift in Sources */ = {isa = PBXBuildFile; fileRef = 963DABD423DA6C5B0066A663 /* UIViewController+Ext.swift */; };
		9674EAB123DA2ADE0031EDFE /* GFButton.swift in Sources */ = {isa = PBXBuildFile; fileRef = 9674EAB023DA2ADE0031EDFE /* GFButton.swift */; };
		9674EAB323DA2E6A0031EDFE /* GFTextField.swift in Sources */ = {isa = PBXBuildFile; fileRef = 9674EAB223DA2E6A0031EDFE /* GFTextField.swift */; };
		9674EAB523DA5A940031EDFE /* FollowerListVC.swift in Sources */ = {isa = PBXBuildFile; fileRef = 9674EAB423DA5A940031EDFE /* FollowerListVC.swift */; };
		9674EAB723DA61850031EDFE /* GFTitleLabel.swift in Sources */ = {isa = PBXBuildFile; fileRef = 9674EAB623DA61850031EDFE /* GFTitleLabel.swift */; };
		9677F83623E34B0F00BB5718 /* Follower.swift in Sources */ = {isa = PBXBuildFile; fileRef = 9677F83523E34B0F00BB5718 /* Follower.swift */; };
		9677F83823E34C0600BB5718 /* User.swift in Sources */ = {isa = PBXBuildFile; fileRef = 9677F83723E34C0600BB5718 /* User.swift */; };
		9677F83B23E351FE00BB5718 /* NetworkManager.swift in Sources */ = {isa = PBXBuildFile; fileRef = 9677F83A23E351FE00BB5718 /* NetworkManager.swift */; };
		9677F83E23E35DC000BB5718 /* ErrorMessage.swift in Sources */ = {isa = PBXBuildFile; fileRef = 9677F83D23E35DC000BB5718 /* ErrorMessage.swift */; };
		9677F84123E362CD00BB5718 /* FollowerCell.swift in Sources */ = {isa = PBXBuildFile; fileRef = 9677F84023E362CD00BB5718 /* FollowerCell.swift */; };
		9677F84323E3634400BB5718 /* GFAvatarImageView.swift in Sources */ = {isa = PBXBuildFile; fileRef = 9677F84223E3634400BB5718 /* GFAvatarImageView.swift */; };
		9677F84523E39E6400BB5718 /* UIHelper.swift in Sources */ = {isa = PBXBuildFile; fileRef = 9677F84423E39E6400BB5718 /* UIHelper.swift */; };
		9677F84E23E3C93E00BB5718 /* GFEmptyStateView.swift in Sources */ = {isa = PBXBuildFile; fileRef = 9677F84D23E3C93E00BB5718 /* GFEmptyStateView.swift */; };
		9691B7D123EC69F800080FA2 /* UserInfoVC.swift in Sources */ = {isa = PBXBuildFile; fileRef = 9691B7D023EC69F800080FA2 /* UserInfoVC.swift */; };
		96DD3E9823DA170E00B44E60 /* AppDelegate.swift in Sources */ = {isa = PBXBuildFile; fileRef = 96DD3E9723DA170E00B44E60 /* AppDelegate.swift */; };
		96DD3E9A23DA170E00B44E60 /* SceneDelegate.swift in Sources */ = {isa = PBXBuildFile; fileRef = 96DD3E9923DA170E00B44E60 /* SceneDelegate.swift */; };
		96DD3EA123DA171000B44E60 /* Assets.xcassets in Resources */ = {isa = PBXBuildFile; fileRef = 96DD3EA023DA171000B44E60 /* Assets.xcassets */; };
		96DD3EA423DA171000B44E60 /* LaunchScreen.storyboard in Resources */ = {isa = PBXBuildFile; fileRef = 96DD3EA223DA171000B44E60 /* LaunchScreen.storyboard */; };
		96DD3EAC23DA1E4400B44E60 /* SearchVC.swift in Sources */ = {isa = PBXBuildFile; fileRef = 96DD3EAB23DA1E4400B44E60 /* SearchVC.swift */; };
		96DD3EAE23DA1EAD00B44E60 /* FavoritesListVC.swift in Sources */ = {isa = PBXBuildFile; fileRef = 96DD3EAD23DA1EAD00B44E60 /* FavoritesListVC.swift */; };
		96FB9B3C23DA62E8009E88BF /* GFBodyLabel.swift in Sources */ = {isa = PBXBuildFile; fileRef = 96FB9B3B23DA62E8009E88BF /* GFBodyLabel.swift */; };
/* End PBXBuildFile section */

/* Begin PBXFileReference section */
		963DABD223DA66120066A663 /* GFAlertVC.swift */ = {isa = PBXFileReference; lastKnownFileType = sourcecode.swift; path = GFAlertVC.swift; sourceTree = "<group>"; };
		963DABD423DA6C5B0066A663 /* UIViewController+Ext.swift */ = {isa = PBXFileReference; lastKnownFileType = sourcecode.swift; path = "UIViewController+Ext.swift"; sourceTree = "<group>"; };
		9674EAB023DA2ADE0031EDFE /* GFButton.swift */ = {isa = PBXFileReference; lastKnownFileType = sourcecode.swift; path = GFButton.swift; sourceTree = "<group>"; };
		9674EAB223DA2E6A0031EDFE /* GFTextField.swift */ = {isa = PBXFileReference; lastKnownFileType = sourcecode.swift; path = GFTextField.swift; sourceTree = "<group>"; };
		9674EAB423DA5A940031EDFE /* FollowerListVC.swift */ = {isa = PBXFileReference; lastKnownFileType = sourcecode.swift; path = FollowerListVC.swift; sourceTree = "<group>"; };
		9674EAB623DA61850031EDFE /* GFTitleLabel.swift */ = {isa = PBXFileReference; lastKnownFileType = sourcecode.swift; path = GFTitleLabel.swift; sourceTree = "<group>"; };
		9677F83523E34B0F00BB5718 /* Follower.swift */ = {isa = PBXFileReference; lastKnownFileType = sourcecode.swift; path = Follower.swift; sourceTree = "<group>"; };
		9677F83723E34C0600BB5718 /* User.swift */ = {isa = PBXFileReference; lastKnownFileType = sourcecode.swift; path = User.swift; sourceTree = "<group>"; };
		9677F83A23E351FE00BB5718 /* NetworkManager.swift */ = {isa = PBXFileReference; lastKnownFileType = sourcecode.swift; path = NetworkManager.swift; sourceTree = "<group>"; };
		9677F83D23E35DC000BB5718 /* ErrorMessage.swift */ = {isa = PBXFileReference; lastKnownFileType = sourcecode.swift; path = ErrorMessage.swift; sourceTree = "<group>"; };
		9677F84023E362CD00BB5718 /* FollowerCell.swift */ = {isa = PBXFileReference; lastKnownFileType = sourcecode.swift; path = FollowerCell.swift; sourceTree = "<group>"; };
		9677F84223E3634400BB5718 /* GFAvatarImageView.swift */ = {isa = PBXFileReference; lastKnownFileType = sourcecode.swift; path = GFAvatarImageView.swift; sourceTree = "<group>"; };
		9677F84423E39E6400BB5718 /* UIHelper.swift */ = {isa = PBXFileReference; lastKnownFileType = sourcecode.swift; path = UIHelper.swift; sourceTree = "<group>"; };
		9677F84D23E3C93E00BB5718 /* GFEmptyStateView.swift */ = {isa = PBXFileReference; lastKnownFileType = sourcecode.swift; path = GFEmptyStateView.swift; sourceTree = "<group>"; };
		9691B7D023EC69F800080FA2 /* UserInfoVC.swift */ = {isa = PBXFileReference; lastKnownFileType = sourcecode.swift; path = UserInfoVC.swift; sourceTree = "<group>"; };
		96DD3E9423DA170E00B44E60 /* GHFollowers.app */ = {isa = PBXFileReference; explicitFileType = wrapper.application; includeInIndex = 0; path = GHFollowers.app; sourceTree = BUILT_PRODUCTS_DIR; };
		96DD3E9723DA170E00B44E60 /* AppDelegate.swift */ = {isa = PBXFileReference; lastKnownFileType = sourcecode.swift; path = AppDelegate.swift; sourceTree = "<group>"; };
		96DD3E9923DA170E00B44E60 /* SceneDelegate.swift */ = {isa = PBXFileReference; lastKnownFileType = sourcecode.swift; path = SceneDelegate.swift; sourceTree = "<group>"; };
		96DD3EA023DA171000B44E60 /* Assets.xcassets */ = {isa = PBXFileReference; lastKnownFileType = folder.assetcatalog; path = Assets.xcassets; sourceTree = "<group>"; };
		96DD3EA323DA171000B44E60 /* Base */ = {isa = PBXFileReference; lastKnownFileType = file.storyboard; name = Base; path = Base.lproj/LaunchScreen.storyboard; sourceTree = "<group>"; };
		96DD3EA523DA171000B44E60 /* Info.plist */ = {isa = PBXFileReference; lastKnownFileType = text.plist.xml; path = Info.plist; sourceTree = "<group>"; };
		96DD3EAB23DA1E4400B44E60 /* SearchVC.swift */ = {isa = PBXFileReference; lastKnownFileType = sourcecode.swift; path = SearchVC.swift; sourceTree = "<group>"; };
		96DD3EAD23DA1EAD00B44E60 /* FavoritesListVC.swift */ = {isa = PBXFileReference; lastKnownFileType = sourcecode.swift; path = FavoritesListVC.swift; sourceTree = "<group>"; };
		96FB9B3B23DA62E8009E88BF /* GFBodyLabel.swift */ = {isa = PBXFileReference; lastKnownFileType = sourcecode.swift; path = GFBodyLabel.swift; sourceTree = "<group>"; };
/* End PBXFileReference section */

/* Begin PBXFrameworksBuildPhase section */
		96DD3E9123DA170E00B44E60 /* Frameworks */ = {
			isa = PBXFrameworksBuildPhase;
			buildActionMask = 2147483647;
			files = (
			);
			runOnlyForDeploymentPostprocessing = 0;
		};
/* End PBXFrameworksBuildPhase section */

/* Begin PBXGroup section */
		963DABD623DA6FE70066A663 /* Screens */ = {
			isa = PBXGroup;
			children = (
				9674EAB423DA5A940031EDFE /* FollowerListVC.swift */,
				9691B7D023EC69F800080FA2 /* UserInfoVC.swift */,
				96DD3EAD23DA1EAD00B44E60 /* FavoritesListVC.swift */,
				96DD3EAB23DA1E4400B44E60 /* SearchVC.swift */,
			);
			path = Screens;
			sourceTree = "<group>";
		};
		963DABD723DA6FF80066A663 /* Custom Views */ = {
			isa = PBXGroup;
			children = (
				9677F84C23E3C91800BB5718 /* Views */,
				9677F84A23E3C88F00BB5718 /* Labels */,
				9677F84923E3C87300BB5718 /* ImageViews */,
				9677F84823E3C86000BB5718 /* TextFields */,
				9677F84723E3C85800BB5718 /* Buttons */,
				9677F84B23E3C8DF00BB5718 /* ViewControllers */,
				9677F83F23E362A500BB5718 /* Cells */,
			);
			path = "Custom Views";
			sourceTree = "<group>";
		};
		963DABD823DA703A0066A663 /* Extensions */ = {
			isa = PBXGroup;
			children = (
				963DABD423DA6C5B0066A663 /* UIViewController+Ext.swift */,
			);
			path = Extensions;
			sourceTree = "<group>";
		};
		963DABD923DA704E0066A663 /* Support */ = {
			isa = PBXGroup;
			children = (
				96DD3EA223DA171000B44E60 /* LaunchScreen.storyboard */,
				96DD3EA023DA171000B44E60 /* Assets.xcassets */,
				96DD3E9723DA170E00B44E60 /* AppDelegate.swift */,
				96DD3E9923DA170E00B44E60 /* SceneDelegate.swift */,
			);
			path = Support;
			sourceTree = "<group>";
		};
		9677F83423E34AF500BB5718 /* Model */ = {
			isa = PBXGroup;
			children = (
				9677F83523E34B0F00BB5718 /* Follower.swift */,
				9677F83723E34C0600BB5718 /* User.swift */,
			);
			path = Model;
			sourceTree = "<group>";
		};
		9677F83923E351EE00BB5718 /* Managers */ = {
			isa = PBXGroup;
			children = (
				9677F83A23E351FE00BB5718 /* NetworkManager.swift */,
			);
			path = Managers;
			sourceTree = "<group>";
		};
		9677F83C23E35DAC00BB5718 /* Utilities */ = {
			isa = PBXGroup;
			children = (
				9677F83D23E35DC000BB5718 /* ErrorMessage.swift */,
				9677F84423E39E6400BB5718 /* UIHelper.swift */,
			);
			path = Utilities;
			sourceTree = "<group>";
		};
		9677F83F23E362A500BB5718 /* Cells */ = {
			isa = PBXGroup;
			children = (
				9677F84023E362CD00BB5718 /* FollowerCell.swift */,
			);
			path = Cells;
			sourceTree = "<group>";
		};
		9677F84723E3C85800BB5718 /* Buttons */ = {
			isa = PBXGroup;
			children = (
				9674EAB023DA2ADE0031EDFE /* GFButton.swift */,
			);
			path = Buttons;
			sourceTree = "<group>";
		};
		9677F84823E3C86000BB5718 /* TextFields */ = {
			isa = PBXGroup;
			children = (
				9674EAB223DA2E6A0031EDFE /* GFTextField.swift */,
			);
			path = TextFields;
			sourceTree = "<group>";
		};
		9677F84923E3C87300BB5718 /* ImageViews */ = {
			isa = PBXGroup;
			children = (
				9677F84223E3634400BB5718 /* GFAvatarImageView.swift */,
			);
			path = ImageViews;
			sourceTree = "<group>";
		};
		9677F84A23E3C88F00BB5718 /* Labels */ = {
			isa = PBXGroup;
			children = (
				96FB9B3B23DA62E8009E88BF /* GFBodyLabel.swift */,
				9674EAB623DA61850031EDFE /* GFTitleLabel.swift */,
			);
			path = Labels;
			sourceTree = "<group>";
		};
		9677F84B23E3C8DF00BB5718 /* ViewControllers */ = {
			isa = PBXGroup;
			children = (
				963DABD223DA66120066A663 /* GFAlertVC.swift */,
			);
			path = ViewControllers;
			sourceTree = "<group>";
		};
		9677F84C23E3C91800BB5718 /* Views */ = {
			isa = PBXGroup;
			children = (
				9677F84D23E3C93E00BB5718 /* GFEmptyStateView.swift */,
			);
			path = Views;
			sourceTree = "<group>";
		};
		96DD3E8B23DA170E00B44E60 = {
			isa = PBXGroup;
			children = (
				96DD3E9623DA170E00B44E60 /* GHFollowers */,
				96DD3E9523DA170E00B44E60 /* Products */,
			);
			sourceTree = "<group>";
		};
		96DD3E9523DA170E00B44E60 /* Products */ = {
			isa = PBXGroup;
			children = (
				96DD3E9423DA170E00B44E60 /* GHFollowers.app */,
			);
			name = Products;
			sourceTree = "<group>";
		};
		96DD3E9623DA170E00B44E60 /* GHFollowers */ = {
			isa = PBXGroup;
			children = (
				9677F83C23E35DAC00BB5718 /* Utilities */,
				9677F83923E351EE00BB5718 /* Managers */,
				9677F83423E34AF500BB5718 /* Model */,
				963DABD923DA704E0066A663 /* Support */,
				963DABD723DA6FF80066A663 /* Custom Views */,
				963DABD623DA6FE70066A663 /* Screens */,
				963DABD823DA703A0066A663 /* Extensions */,
				96DD3EA523DA171000B44E60 /* Info.plist */,
			);
			path = GHFollowers;
			sourceTree = "<group>";
		};
/* End PBXGroup section */

/* Begin PBXNativeTarget section */
		96DD3E9323DA170E00B44E60 /* GHFollowers */ = {
			isa = PBXNativeTarget;
			buildConfigurationList = 96DD3EA823DA171000B44E60 /* Build configuration list for PBXNativeTarget "GHFollowers" */;
			buildPhases = (
				96DD3E9023DA170E00B44E60 /* Sources */,
				96DD3E9123DA170E00B44E60 /* Frameworks */,
				96DD3E9223DA170E00B44E60 /* Resources */,
			);
			buildRules = (
			);
			dependencies = (
			);
			name = GHFollowers;
			productName = GHFollowers;
			productReference = 96DD3E9423DA170E00B44E60 /* GHFollowers.app */;
			productType = "com.apple.product-type.application";
		};
/* End PBXNativeTarget section */

/* Begin PBXProject section */
		96DD3E8C23DA170E00B44E60 /* Project object */ = {
			isa = PBXProject;
			attributes = {
				LastSwiftUpdateCheck = 1120;
				LastUpgradeCheck = 1120;
				ORGANIZATIONNAME = jason;
				TargetAttributes = {
					96DD3E9323DA170E00B44E60 = {
						CreatedOnToolsVersion = 11.2.1;
					};
				};
			};
			buildConfigurationList = 96DD3E8F23DA170E00B44E60 /* Build configuration list for PBXProject "GHFollowers" */;
			compatibilityVersion = "Xcode 9.3";
			developmentRegion = en;
			hasScannedForEncodings = 0;
			knownRegions = (
				en,
				Base,
			);
			mainGroup = 96DD3E8B23DA170E00B44E60;
			productRefGroup = 96DD3E9523DA170E00B44E60 /* Products */;
			projectDirPath = "";
			projectRoot = "";
			targets = (
				96DD3E9323DA170E00B44E60 /* GHFollowers */,
			);
		};
/* End PBXProject section */

/* Begin PBXResourcesBuildPhase section */
		96DD3E9223DA170E00B44E60 /* Resources */ = {
			isa = PBXResourcesBuildPhase;
			buildActionMask = 2147483647;
			files = (
				96DD3EA423DA171000B44E60 /* LaunchScreen.storyboard in Resources */,
				96DD3EA123DA171000B44E60 /* Assets.xcassets in Resources */,
			);
			runOnlyForDeploymentPostprocessing = 0;
		};
/* End PBXResourcesBuildPhase section */

/* Begin PBXSourcesBuildPhase section */
		96DD3E9023DA170E00B44E60 /* Sources */ = {
			isa = PBXSourcesBuildPhase;
			buildActionMask = 2147483647;
			files = (
				9677F83623E34B0F00BB5718 /* Follower.swift in Sources */,
				9674EAB323DA2E6A0031EDFE /* GFTextField.swift in Sources */,
				96DD3EAE23DA1EAD00B44E60 /* FavoritesListVC.swift in Sources */,
				9674EAB123DA2ADE0031EDFE /* GFButton.swift in Sources */,
				963DABD523DA6C5B0066A663 /* UIViewController+Ext.swift in Sources */,
				9677F84523E39E6400BB5718 /* UIHelper.swift in Sources */,
				9677F84323E3634400BB5718 /* GFAvatarImageView.swift in Sources */,
				96DD3EAC23DA1E4400B44E60 /* SearchVC.swift in Sources */,
				963DABD323DA66120066A663 /* GFAlertVC.swift in Sources */,
				9677F84123E362CD00BB5718 /* FollowerCell.swift in Sources */,
				9677F83E23E35DC000BB5718 /* ErrorMessage.swift in Sources */,
				9677F83823E34C0600BB5718 /* User.swift in Sources */,
				96FB9B3C23DA62E8009E88BF /* GFBodyLabel.swift in Sources */,
				9674EAB723DA61850031EDFE /* GFTitleLabel.swift in Sources */,
				9677F84E23E3C93E00BB5718 /* GFEmptyStateView.swift in Sources */,
				9677F83B23E351FE00BB5718 /* NetworkManager.swift in Sources */,
				9674EAB523DA5A940031EDFE /* FollowerListVC.swift in Sources */,
				96DD3E9823DA170E00B44E60 /* AppDelegate.swift in Sources */,
				96DD3E9A23DA170E00B44E60 /* SceneDelegate.swift in Sources */,
				9691B7D123EC69F800080FA2 /* UserInfoVC.swift in Sources */,
			);
			runOnlyForDeploymentPostprocessing = 0;
		};
/* End PBXSourcesBuildPhase section */

/* Begin PBXVariantGroup section */
		96DD3EA223DA171000B44E60 /* LaunchScreen.storyboard */ = {
			isa = PBXVariantGroup;
			children = (
				96DD3EA323DA171000B44E60 /* Base */,
			);
			name = LaunchScreen.storyboard;
			sourceTree = "<group>";
		};
/* End PBXVariantGroup section */

/* Begin XCBuildConfiguration section */
		96DD3EA623DA171000B44E60 /* Debug */ = {
			isa = XCBuildConfiguration;
			buildSettings = {
				ALWAYS_SEARCH_USER_PATHS = NO;
				CLANG_ANALYZER_NONNULL = YES;
				CLANG_ANALYZER_NUMBER_OBJECT_CONVERSION = YES_AGGRESSIVE;
				CLANG_CXX_LANGUAGE_STANDARD = "gnu++14";
				CLANG_CXX_LIBRARY = "libc++";
				CLANG_ENABLE_MODULES = YES;
				CLANG_ENABLE_OBJC_ARC = YES;
				CLANG_ENABLE_OBJC_WEAK = YES;
				CLANG_WARN_BLOCK_CAPTURE_AUTORELEASING = YES;
				CLANG_WARN_BOOL_CONVERSION = YES;
				CLANG_WARN_COMMA = YES;
				CLANG_WARN_CONSTANT_CONVERSION = YES;
				CLANG_WARN_DEPRECATED_OBJC_IMPLEMENTATIONS = YES;
				CLANG_WARN_DIRECT_OBJC_ISA_USAGE = YES_ERROR;
				CLANG_WARN_DOCUMENTATION_COMMENTS = YES;
				CLANG_WARN_EMPTY_BODY = YES;
				CLANG_WARN_ENUM_CONVERSION = YES;
				CLANG_WARN_INFINITE_RECURSION = YES;
				CLANG_WARN_INT_CONVERSION = YES;
				CLANG_WARN_NON_LITERAL_NULL_CONVERSION = YES;
				CLANG_WARN_OBJC_IMPLICIT_RETAIN_SELF = YES;
				CLANG_WARN_OBJC_LITERAL_CONVERSION = YES;
				CLANG_WARN_OBJC_ROOT_CLASS = YES_ERROR;
				CLANG_WARN_RANGE_LOOP_ANALYSIS = YES;
				CLANG_WARN_STRICT_PROTOTYPES = YES;
				CLANG_WARN_SUSPICIOUS_MOVE = YES;
				CLANG_WARN_UNGUARDED_AVAILABILITY = YES_AGGRESSIVE;
				CLANG_WARN_UNREACHABLE_CODE = YES;
				CLANG_WARN__DUPLICATE_METHOD_MATCH = YES;
				COPY_PHASE_STRIP = NO;
				DEBUG_INFORMATION_FORMAT = dwarf;
				ENABLE_STRICT_OBJC_MSGSEND = YES;
				ENABLE_TESTABILITY = YES;
				GCC_C_LANGUAGE_STANDARD = gnu11;
				GCC_DYNAMIC_NO_PIC = NO;
				GCC_NO_COMMON_BLOCKS = YES;
				GCC_OPTIMIZATION_LEVEL = 0;
				GCC_PREPROCESSOR_DEFINITIONS = (
					"DEBUG=1",
					"$(inherited)",
				);
				GCC_WARN_64_TO_32_BIT_CONVERSION = YES;
				GCC_WARN_ABOUT_RETURN_TYPE = YES_ERROR;
				GCC_WARN_UNDECLARED_SELECTOR = YES;
				GCC_WARN_UNINITIALIZED_AUTOS = YES_AGGRESSIVE;
				GCC_WARN_UNUSED_FUNCTION = YES;
				GCC_WARN_UNUSED_VARIABLE = YES;
				IPHONEOS_DEPLOYMENT_TARGET = 13.2;
				MTL_ENABLE_DEBUG_INFO = INCLUDE_SOURCE;
				MTL_FAST_MATH = YES;
				ONLY_ACTIVE_ARCH = YES;
				SDKROOT = iphoneos;
				SWIFT_ACTIVE_COMPILATION_CONDITIONS = DEBUG;
				SWIFT_OPTIMIZATION_LEVEL = "-Onone";
			};
			name = Debug;
		};
		96DD3EA723DA171000B44E60 /* Release */ = {
			isa = XCBuildConfiguration;
			buildSettings = {
				ALWAYS_SEARCH_USER_PATHS = NO;
				CLANG_ANALYZER_NONNULL = YES;
				CLANG_ANALYZER_NUMBER_OBJECT_CONVERSION = YES_AGGRESSIVE;
				CLANG_CXX_LANGUAGE_STANDARD = "gnu++14";
				CLANG_CXX_LIBRARY = "libc++";
				CLANG_ENABLE_MODULES = YES;
				CLANG_ENABLE_OBJC_ARC = YES;
				CLANG_ENABLE_OBJC_WEAK = YES;
				CLANG_WARN_BLOCK_CAPTURE_AUTORELEASING = YES;
				CLANG_WARN_BOOL_CONVERSION = YES;
				CLANG_WARN_COMMA = YES;
				CLANG_WARN_CONSTANT_CONVERSION = YES;
				CLANG_WARN_DEPRECATED_OBJC_IMPLEMENTATIONS = YES;
				CLANG_WARN_DIRECT_OBJC_ISA_USAGE = YES_ERROR;
				CLANG_WARN_DOCUMENTATION_COMMENTS = YES;
				CLANG_WARN_EMPTY_BODY = YES;
				CLANG_WARN_ENUM_CONVERSION = YES;
				CLANG_WARN_INFINITE_RECURSION = YES;
				CLANG_WARN_INT_CONVERSION = YES;
				CLANG_WARN_NON_LITERAL_NULL_CONVERSION = YES;
				CLANG_WARN_OBJC_IMPLICIT_RETAIN_SELF = YES;
				CLANG_WARN_OBJC_LITERAL_CONVERSION = YES;
				CLANG_WARN_OBJC_ROOT_CLASS = YES_ERROR;
				CLANG_WARN_RANGE_LOOP_ANALYSIS = YES;
				CLANG_WARN_STRICT_PROTOTYPES = YES;
				CLANG_WARN_SUSPICIOUS_MOVE = YES;
				CLANG_WARN_UNGUARDED_AVAILABILITY = YES_AGGRESSIVE;
				CLANG_WARN_UNREACHABLE_CODE = YES;
				CLANG_WARN__DUPLICATE_METHOD_MATCH = YES;
				COPY_PHASE_STRIP = NO;
				DEBUG_INFORMATION_FORMAT = "dwarf-with-dsym";
				ENABLE_NS_ASSERTIONS = NO;
				ENABLE_STRICT_OBJC_MSGSEND = YES;
				GCC_C_LANGUAGE_STANDARD = gnu11;
				GCC_NO_COMMON_BLOCKS = YES;
				GCC_WARN_64_TO_32_BIT_CONVERSION = YES;
				GCC_WARN_ABOUT_RETURN_TYPE = YES_ERROR;
				GCC_WARN_UNDECLARED_SELECTOR = YES;
				GCC_WARN_UNINITIALIZED_AUTOS = YES_AGGRESSIVE;
				GCC_WARN_UNUSED_FUNCTION = YES;
				GCC_WARN_UNUSED_VARIABLE = YES;
				IPHONEOS_DEPLOYMENT_TARGET = 13.2;
				MTL_ENABLE_DEBUG_INFO = NO;
				MTL_FAST_MATH = YES;
				SDKROOT = iphoneos;
				SWIFT_COMPILATION_MODE = wholemodule;
				SWIFT_OPTIMIZATION_LEVEL = "-O";
				VALIDATE_PRODUCT = YES;
			};
			name = Release;
		};
		96DD3EA923DA171000B44E60 /* Debug */ = {
			isa = XCBuildConfiguration;
			buildSettings = {
				ASSETCATALOG_COMPILER_APPICON_NAME = AppIcon;
				CODE_SIGN_STYLE = Automatic;
				DEVELOPMENT_TEAM = M9WQK5C74Z;
				INFOPLIST_FILE = GHFollowers/Info.plist;
				LD_RUNPATH_SEARCH_PATHS = (
					"$(inherited)",
					"@executable_path/Frameworks",
				);
				PRODUCT_BUNDLE_IDENTIFIER = com.jasonm.GHFollowers;
				PRODUCT_NAME = "$(TARGET_NAME)";
				SWIFT_VERSION = 5.0;
				TARGETED_DEVICE_FAMILY = 1;
			};
			name = Debug;
		};
		96DD3EAA23DA171000B44E60 /* Release */ = {
			isa = XCBuildConfiguration;
			buildSettings = {
				ASSETCATALOG_COMPILER_APPICON_NAME = AppIcon;
				CODE_SIGN_STYLE = Automatic;
				DEVELOPMENT_TEAM = M9WQK5C74Z;
				INFOPLIST_FILE = GHFollowers/Info.plist;
				LD_RUNPATH_SEARCH_PATHS = (
					"$(inherited)",
					"@executable_path/Frameworks",
				);
				PRODUCT_BUNDLE_IDENTIFIER = com.jasonm.GHFollowers;
				PRODUCT_NAME = "$(TARGET_NAME)";
				SWIFT_VERSION = 5.0;
				TARGETED_DEVICE_FAMILY = 1;
			};
			name = Release;
		};
/* End XCBuildConfiguration section */

/* Begin XCConfigurationList section */
		96DD3E8F23DA170E00B44E60 /* Build configuration list for PBXProject "GHFollowers" */ = {
			isa = XCConfigurationList;
			buildConfigurations = (
				96DD3EA623DA171000B44E60 /* Debug */,
				96DD3EA723DA171000B44E60 /* Release */,
			);
			defaultConfigurationIsVisible = 0;
			defaultConfigurationName = Release;
		};
		96DD3EA823DA171000B44E60 /* Build configuration list for PBXNativeTarget "GHFollowers" */ = {
			isa = XCConfigurationList;
			buildConfigurations = (
				96DD3EA923DA171000B44E60 /* Debug */,
				96DD3EAA23DA171000B44E60 /* Release */,
			);
			defaultConfigurationIsVisible = 0;
			defaultConfigurationName = Release;
		};
/* End XCConfigurationList section */
	};
	rootObject = 96DD3E8C23DA170E00B44E60 /* Project object */;
}
